
Microsoft Visual Studio Solution File, Format Version 12.00
# Visual Studio Version 17
VisualStudioVersion = 17.1.32328.378
MinimumVisualStudioVersion = 10.0.40219.1
Project("{FAE04EC0-301F-11D3-BF4B-00C04F79EFBC}") = "GUI_QuanLiKhoCafe", "GUI_QuanLiKhoCafe.csproj", "{47468D3D-F550-4E9D-B483-B9DCB827F96E}"
EndProject
Project("{9A19103F-16F7-4668-BE54-9A1E7A4F7556}") = "DTO_QuanLiKhoCafe", "..\DTO\DTO_QuanLiKhoCafe.csproj", "{40CA6447-AAC8-4DB6-B1C1-E89F0BBBE880}"
EndProject
Project("{9A19103F-16F7-4668-BE54-9A1E7A4F7556}") = "DAL_QuanLiKhoCafe", "..\DAO\DAL_QuanLiKhoCafe.csproj", "{B51EEB21-DBF4-4B73-80B0-B7FCD7B26980}"
EndProject
Project("{9A19103F-16F7-4668-BE54-9A1E7A4F7556}") = "BUS_QuanLiKhoCafe", "..\BUS\BUS_QuanLiKhoCafe.csproj", "{48F6CAE5-DFB9-48E1-B9E8-326A57721837}"
EndProject
Global
	GlobalSection(SolutionConfigurationPlatforms) = preSolution
		Debug|Any CPU = Debug|Any CPU
		Release|Any CPU = Release|Any CPU
	EndGlobalSection
	GlobalSection(ProjectConfigurationPlatforms) = postSolution
		{47468D3D-F550-4E9D-B483-B9DCB827F96E}.Debug|Any CPU.ActiveCfg = Debug|Any CPU
		{47468D3D-F550-4E9D-B483-B9DCB827F96E}.Debug|Any CPU.Build.0 = Debug|Any CPU
		{47468D3D-F550-4E9D-B483-B9DCB827F96E}.Release|Any CPU.ActiveCfg = Release|Any CPU
		{47468D3D-F550-4E9D-B483-B9DCB827F96E}.Release|Any CPU.Build.0 = Release|Any CPU
		{40CA6447-AAC8-4DB6-B1C1-E89F0BBBE880}.Debug|Any CPU.ActiveCfg = Debug|Any CPU
		{40CA6447-AAC8-4DB6-B1C1-E89F0BBBE880}.Debug|Any CPU.Build.0 = Debug|Any CPU
		{40CA6447-AAC8-4DB6-B1C1-E89F0BBBE880}.Release|Any CPU.ActiveCfg = Release|Any CPU
		{40CA6447-AAC8-4DB6-B1C1-E89F0BBBE880}.Release|Any CPU.Build.0 = Release|Any CPU
		{B51EEB21-DBF4-4B73-80B0-B7FCD7B26980}.Debug|Any CPU.ActiveCfg = Debug|Any CPU
		{B51EEB21-DBF4-4B73-80B0-B7FCD7B26980}.Debug|Any CPU.Build.0 = Debug|Any CPU
		{B51EEB21-DBF4-4B73-80B0-B7FCD7B26980}.Release|Any CPU.ActiveCfg = Release|Any CPU
		{B51EEB21-DBF4-4B73-80B0-B7FCD7B26980}.Release|Any CPU.Build.0 = Release|Any CPU
		{48F6CAE5-DFB9-48E1-B9E8-326A57721837}.Debug|Any CPU.ActiveCfg = Debug|Any CPU
		{48F6CAE5-DFB9-48E1-B9E8-326A57721837}.Debug|Any CPU.Build.0 = Debug|Any CPU
		{48F6CAE5-DFB9-48E1-B9E8-326A57721837}.Release|Any CPU.ActiveCfg = Release|Any CPU
		{48F6CAE5-DFB9-48E1-B9E8-326A57721837}.Release|Any CPU.Build.0 = Release|Any CPU
	EndGlobalSection
	GlobalSection(SolutionProperties) = preSolution
		HideSolutionNode = FALSE
	EndGlobalSection
	GlobalSection(ExtensibilityGlobals) = postSolution
		SolutionGuid = {C6D5861C-E1CF-44F1-AA10-B21F1468F6C0}
	EndGlobalSection
EndGlobal
